
Microsoft Visual Studio Solution File, Format Version 12.00
# Visual Studio Version 17
VisualStudioVersion = 17.0.31903.59
MinimumVisualStudioVersion = 10.0.40219.1
Project("{FAE04EC0-301F-11D3-BF4B-00C04F79EFBC}") = "ByteBank", "ByteBank\ByteBank.csproj", "{CE174C2E-3A29-4926-ABB4-36E97F14F698}"
EndProject
Global
	GlobalSection(SolutionConfigurationPlatforms) = preSolution
		Debug|Any CPU = Debug|Any CPU
		Release|Any CPU = Release|Any CPU
	EndGlobalSection
	GlobalSection(ProjectConfigurationPlatforms) = postSolution
		{CE174C2E-3A29-4926-ABB4-36E97F14F698}.Debug|Any CPU.ActiveCfg = Debug|Any CPU
		{CE174C2E-3A29-4926-ABB4-36E97F14F698}.Debug|Any CPU.Build.0 = Debug|Any CPU
		{CE174C2E-3A29-4926-ABB4-36E97F14F698}.Release|Any CPU.ActiveCfg = Release|Any CPU
		{CE174C2E-3A29-4926-ABB4-36E97F14F698}.Release|Any CPU.Build.0 = Release|Any CPU
	EndGlobalSection
	GlobalSection(SolutionProperties) = preSolution
		HideSolutionNode = FALSE
	EndGlobalSection
	GlobalSection(ExtensibilityGlobals) = postSolution
		SolutionGuid = {3F6B39F0-F71C-47E3-BFE3-8EE287B73AE5}
	EndGlobalSection
EndGlobal
